
Microsoft Visual Studio Solution File, Format Version 12.00
Project("{FAE04EC0-301F-11D3-BF4B-00C04F79EFBC}") = "Umbraco.Image.Processing.Core", "src\Umbraco.Image.Processing.Core\Umbraco.Image.Processing.Core\Umbraco.Image.Processing.Core.csproj", "{D0861A35-8581-4DBB-92B5-9308F539EC40}"
EndProject
Project("{FAE04EC0-301F-11D3-BF4B-00C04F79EFBC}") = "Umbraco", "src\Umbraco\Umbraco.csproj", "{DEE77879-AFFA-4E2B-9A76-F83F9F5A301C}"
EndProject
Project("{FAE04EC0-301F-11D3-BF4B-00C04F79EFBC}") = "Umbraco.Image.Processing.SkiaSharp", "src\Umbraco.Image.Processing.SkiaSharp\Umbraco.Image.Processing.SkiaSharp\Umbraco.Image.Processing.SkiaSharp.csproj", "{A7D94861-CAF0-4DED-991B-AFED93D694AA}"
EndProject
Project("{FAE04EC0-301F-11D3-BF4B-00C04F79EFBC}") = "Umbraco.Image.Processing.SkiaSharp.Tests", "src\Umbraco.Image.Processing.SkiaSharp\Umbraco.Image.Processing.SkiaSharp.Tests\Umbraco.Image.Processing.SkiaSharp.Tests.csproj", "{EDE55310-C26C-4894-B314-9F8CC7D1A5F4}"
EndProject
Project("{FAE04EC0-301F-11D3-BF4B-00C04F79EFBC}") = "Umbraco.Image.Processing.ImageFlow", "src\Umbraco.Image.Processing.ImageFlow\Umbraco.Image.Processing.ImageFlow\Umbraco.Image.Processing.ImageFlow.csproj", "{D33CF492-D1C8-47D7-B2DC-85CB48035F52}"
EndProject
Project("{FAE04EC0-301F-11D3-BF4B-00C04F79EFBC}") = "Umbraco.Image.Processing.ImageFlow.Tests", "src\Umbraco.Image.Processing.ImageFlow\Umbraco.Image.Processing.ImageFlow.Tests\Umbraco.Image.Processing.ImageFlow.Tests.csproj", "{BABE7580-6637-4D2F-A204-959CA625DF37}"
EndProject
Project("{FAE04EC0-301F-11D3-BF4B-00C04F79EFBC}") = "Umbraco.Image.Processing.AppHost", "src\Umbraco.Image.Processing.AppHost\Umbraco.Image.Processing.AppHost\Umbraco.Image.Processing.AppHost.csproj", "{88921748-E3EC-478D-8748-97A2C2511BB8}"
EndProject
Project("{FAE04EC0-301F-11D3-BF4B-00C04F79EFBC}") = "Umbraco.Image.Processing.Service", "src\Umbraco.Image.Processing.Service\Umbraco.Image.Processing.Service\Umbraco.Image.Processing.Service.csproj", "{2E8F74D6-85BC-4F2D-86BF-9E40EA0B86F5}"
EndProject
Project("{2150E333-8FDC-42A3-9474-1A3956D46DE8}") = "src", "src", "{827E0CD3-B72D-47B6-A68D-7590B98EB39B}"
EndProject
Project("{2150E333-8FDC-42A3-9474-1A3956D46DE8}") = "Umbraco.Image.Processing.UmbracoExtensions", "Umbraco.Image.Processing.UmbracoExtensions", "{5B9DF299-21FA-2738-ED62-33A10BDF4B1C}"
EndProject
Project("{FAE04EC0-301F-11D3-BF4B-00C04F79EFBC}") = "Umbraco.Image.Processing.UmbracoExtensions", "src\Umbraco.Image.Processing.UmbracoExtensions\Umbraco.Image.Processing.UmbracoExtensions\Umbraco.Image.Processing.UmbracoExtensions.csproj", "{EB4E24A3-5636-491F-86C2-8A0C32BE7655}"
EndProject
Project("{2150E333-8FDC-42A3-9474-1A3956D46DE8}") = "Umbraco.Image.Processing.Core", "Umbraco.Image.Processing.Core", "{FDB0B517-BC87-2108-2B5C-F80179B27705}"
EndProject
Project("{FAE04EC0-301F-11D3-BF4B-00C04F79EFBC}") = "Umbraco.Image.Processing.UmbracoExtensions.Tests", "src\Umbraco.Image.Processing.UmbracoExtensions\Umbraco.Image.Processing.UmbracoExtensions.Tests\Umbraco.Image.Processing.UmbracoExtensions.Tests.csproj", "{565095DD-2B5C-4522-B73D-11021CA570BF}"
EndProject
Project("{FAE04EC0-301F-11D3-BF4B-00C04F79EFBC}") = "Umbraco.Image.Processing.Core.Tests", "src\Umbraco.Image.Processing.Core\Umbraco.Image.Processing.Core.Tests\Umbraco.Image.Processing.Core.Tests.csproj", "{C193E06F-22A2-4CA2-87E1-A5209492C807}"
EndProject
Project("{2150E333-8FDC-42A3-9474-1A3956D46DE8}") = "Umbraco.Image.Processing.AzureBlob", "Umbraco.Image.Processing.AzureBlob", "{900B8B0D-C29A-7A19-CABC-6869EADAC993}"
EndProject
Project("{FAE04EC0-301F-11D3-BF4B-00C04F79EFBC}") = "Umbraco.Image.Processing.AzureBlob", "src\Umbraco.Image.Processing.AzureBlob\Umbraco.Image.Processing.AzureBlob\Umbraco.Image.Processing.AzureBlob.csproj", "{247F2224-33D9-4144-B92F-38D07AC9AD4D}"
EndProject
Project("{FAE04EC0-301F-11D3-BF4B-00C04F79EFBC}") = "Umbraco.Image.Processing.AzureBlob.Tests", "src\Umbraco.Image.Processing.AzureBlob\Umbraco.Image.Processing.AzureBlob.Tests\Umbraco.Image.Processing.AzureBlob.Tests.csproj", "{5EBB5D10-FFF2-4F7B-8457-CC94901638E5}"
EndProject
Project("{FAE04EC0-301F-11D3-BF4B-00C04F79EFBC}") = "Umbraco.Image.Processing.AzureBlob.TestHost", "src\Umbraco.Image.Processing.AzureBlob\Umbraco.Image.Processing.AzureBlob.TestHost\Umbraco.Image.Processing.AzureBlob.TestHost.csproj", "{3435CED1-87FC-41A1-9E59-345D3110E179}"
EndProject
Project("{2150E333-8FDC-42A3-9474-1A3956D46DE8}") = "Umbraco.Image.Processing.Service", "Umbraco.Image.Processing.Service", "{BC6B28B6-C808-26B5-7CC7-F6DE9BFF4B6F}"
EndProject
Project("{FAE04EC0-301F-11D3-BF4B-00C04F79EFBC}") = "Umbraco.Image.Processing.Service.Tests", "src\Umbraco.Image.Processing.Service\Umbraco.Image.Processing.Service.Tests\Umbraco.Image.Processing.Service.Tests.csproj", "{A87F60FD-AE45-48D7-805D-7C249F6DBE07}"
EndProject
Project("{FAE04EC0-301F-11D3-BF4B-00C04F79EFBC}") = "Umbraco.Image.Processing.E2E.Tests", "src\Umbraco.Image.Processing.E2E.Tests\Umbraco.Image.Processing.E2E.Tests.csproj", "{43F8D249-CC9E-49B6-8DC9-413C7C524B2F}"
EndProject
Project("{2150E333-8FDC-42A3-9474-1A3956D46DE8}") = "Umbraco.Image.Processing.AppHost", "Umbraco.Image.Processing.AppHost", "{6D9AE206-B963-76DA-A175-95CBCF62B5C0}"
EndProject
Global
	GlobalSection(SolutionConfigurationPlatforms) = preSolution
		Debug|Any CPU = Debug|Any CPU
		Debug|x64 = Debug|x64
		Debug|x86 = Debug|x86
		Release|Any CPU = Release|Any CPU
		Release|x64 = Release|x64
		Release|x86 = Release|x86
	EndGlobalSection
	GlobalSection(ProjectConfigurationPlatforms) = postSolution
		{D0861A35-8581-4DBB-92B5-9308F539EC40}.Debug|Any CPU.ActiveCfg = Debug|Any CPU
		{D0861A35-8581-4DBB-92B5-9308F539EC40}.Debug|Any CPU.Build.0 = Debug|Any CPU
		{D0861A35-8581-4DBB-92B5-9308F539EC40}.Debug|x64.ActiveCfg = Debug|Any CPU
		{D0861A35-8581-4DBB-92B5-9308F539EC40}.Debug|x64.Build.0 = Debug|Any CPU
		{D0861A35-8581-4DBB-92B5-9308F539EC40}.Debug|x86.ActiveCfg = Debug|Any CPU
		{D0861A35-8581-4DBB-92B5-9308F539EC40}.Debug|x86.Build.0 = Debug|Any CPU
		{D0861A35-8581-4DBB-92B5-9308F539EC40}.Release|Any CPU.ActiveCfg = Release|Any CPU
		{D0861A35-8581-4DBB-92B5-9308F539EC40}.Release|Any CPU.Build.0 = Release|Any CPU
		{D0861A35-8581-4DBB-92B5-9308F539EC40}.Release|x64.ActiveCfg = Release|Any CPU
		{D0861A35-8581-4DBB-92B5-9308F539EC40}.Release|x64.Build.0 = Release|Any CPU
		{D0861A35-8581-4DBB-92B5-9308F539EC40}.Release|x86.ActiveCfg = Release|Any CPU
		{D0861A35-8581-4DBB-92B5-9308F539EC40}.Release|x86.Build.0 = Release|Any CPU
		{DEE77879-AFFA-4E2B-9A76-F83F9F5A301C}.Debug|Any CPU.ActiveCfg = Debug|Any CPU
		{DEE77879-AFFA-4E2B-9A76-F83F9F5A301C}.Debug|Any CPU.Build.0 = Debug|Any CPU
		{DEE77879-AFFA-4E2B-9A76-F83F9F5A301C}.Debug|x64.ActiveCfg = Debug|Any CPU
		{DEE77879-AFFA-4E2B-9A76-F83F9F5A301C}.Debug|x64.Build.0 = Debug|Any CPU
		{DEE77879-AFFA-4E2B-9A76-F83F9F5A301C}.Debug|x86.ActiveCfg = Debug|Any CPU
		{DEE77879-AFFA-4E2B-9A76-F83F9F5A301C}.Debug|x86.Build.0 = Debug|Any CPU
		{DEE77879-AFFA-4E2B-9A76-F83F9F5A301C}.Release|Any CPU.ActiveCfg = Release|Any CPU
		{DEE77879-AFFA-4E2B-9A76-F83F9F5A301C}.Release|Any CPU.Build.0 = Release|Any CPU
		{DEE77879-AFFA-4E2B-9A76-F83F9F5A301C}.Release|x64.ActiveCfg = Release|Any CPU
		{DEE77879-AFFA-4E2B-9A76-F83F9F5A301C}.Release|x64.Build.0 = Release|Any CPU
		{DEE77879-AFFA-4E2B-9A76-F83F9F5A301C}.Release|x86.ActiveCfg = Release|Any CPU
		{DEE77879-AFFA-4E2B-9A76-F83F9F5A301C}.Release|x86.Build.0 = Release|Any CPU
		{A7D94861-CAF0-4DED-991B-AFED93D694AA}.Debug|Any CPU.ActiveCfg = Debug|Any CPU
		{A7D94861-CAF0-4DED-991B-AFED93D694AA}.Debug|Any CPU.Build.0 = Debug|Any CPU
		{A7D94861-CAF0-4DED-991B-AFED93D694AA}.Debug|x64.ActiveCfg = Debug|Any CPU
		{A7D94861-CAF0-4DED-991B-AFED93D694AA}.Debug|x64.Build.0 = Debug|Any CPU
		{A7D94861-CAF0-4DED-991B-AFED93D694AA}.Debug|x86.ActiveCfg = Debug|Any CPU
		{A7D94861-CAF0-4DED-991B-AFED93D694AA}.Debug|x86.Build.0 = Debug|Any CPU
		{A7D94861-CAF0-4DED-991B-AFED93D694AA}.Release|Any CPU.ActiveCfg = Release|Any CPU
		{A7D94861-CAF0-4DED-991B-AFED93D694AA}.Release|Any CPU.Build.0 = Release|Any CPU
		{A7D94861-CAF0-4DED-991B-AFED93D694AA}.Release|x64.ActiveCfg = Release|Any CPU
		{A7D94861-CAF0-4DED-991B-AFED93D694AA}.Release|x64.Build.0 = Release|Any CPU
		{A7D94861-CAF0-4DED-991B-AFED93D694AA}.Release|x86.ActiveCfg = Release|Any CPU
		{A7D94861-CAF0-4DED-991B-AFED93D694AA}.Release|x86.Build.0 = Release|Any CPU
		{EDE55310-C26C-4894-B314-9F8CC7D1A5F4}.Debug|Any CPU.ActiveCfg = Debug|Any CPU
		{EDE55310-C26C-4894-B314-9F8CC7D1A5F4}.Debug|Any CPU.Build.0 = Debug|Any CPU
		{EDE55310-C26C-4894-B314-9F8CC7D1A5F4}.Debug|x64.ActiveCfg = Debug|Any CPU
		{EDE55310-C26C-4894-B314-9F8CC7D1A5F4}.Debug|x64.Build.0 = Debug|Any CPU
		{EDE55310-C26C-4894-B314-9F8CC7D1A5F4}.Debug|x86.ActiveCfg = Debug|Any CPU
		{EDE55310-C26C-4894-B314-9F8CC7D1A5F4}.Debug|x86.Build.0 = Debug|Any CPU
		{EDE55310-C26C-4894-B314-9F8CC7D1A5F4}.Release|Any CPU.ActiveCfg = Release|Any CPU
		{EDE55310-C26C-4894-B314-9F8CC7D1A5F4}.Release|Any CPU.Build.0 = Release|Any CPU
		{EDE55310-C26C-4894-B314-9F8CC7D1A5F4}.Release|x64.ActiveCfg = Release|Any CPU
		{EDE55310-C26C-4894-B314-9F8CC7D1A5F4}.Release|x64.Build.0 = Release|Any CPU
		{EDE55310-C26C-4894-B314-9F8CC7D1A5F4}.Release|x86.ActiveCfg = Release|Any CPU
		{EDE55310-C26C-4894-B314-9F8CC7D1A5F4}.Release|x86.Build.0 = Release|Any CPU
		{D33CF492-D1C8-47D7-B2DC-85CB48035F52}.Debug|Any CPU.ActiveCfg = Debug|Any CPU
		{D33CF492-D1C8-47D7-B2DC-85CB48035F52}.Debug|Any CPU.Build.0 = Debug|Any CPU
		{D33CF492-D1C8-47D7-B2DC-85CB48035F52}.Debug|x64.ActiveCfg = Debug|Any CPU
		{D33CF492-D1C8-47D7-B2DC-85CB48035F52}.Debug|x64.Build.0 = Debug|Any CPU
		{D33CF492-D1C8-47D7-B2DC-85CB48035F52}.Debug|x86.ActiveCfg = Debug|Any CPU
		{D33CF492-D1C8-47D7-B2DC-85CB48035F52}.Debug|x86.Build.0 = Debug|Any CPU
		{D33CF492-D1C8-47D7-B2DC-85CB48035F52}.Release|Any CPU.ActiveCfg = Release|Any CPU
		{D33CF492-D1C8-47D7-B2DC-85CB48035F52}.Release|Any CPU.Build.0 = Release|Any CPU
		{D33CF492-D1C8-47D7-B2DC-85CB48035F52}.Release|x64.ActiveCfg = Release|Any CPU
		{D33CF492-D1C8-47D7-B2DC-85CB48035F52}.Release|x64.Build.0 = Release|Any CPU
		{D33CF492-D1C8-47D7-B2DC-85CB48035F52}.Release|x86.ActiveCfg = Release|Any CPU
		{D33CF492-D1C8-47D7-B2DC-85CB48035F52}.Release|x86.Build.0 = Release|Any CPU
		{BABE7580-6637-4D2F-A204-959CA625DF37}.Debug|Any CPU.ActiveCfg = Debug|Any CPU
		{BABE7580-6637-4D2F-A204-959CA625DF37}.Debug|Any CPU.Build.0 = Debug|Any CPU
		{BABE7580-6637-4D2F-A204-959CA625DF37}.Debug|x64.ActiveCfg = Debug|Any CPU
		{BABE7580-6637-4D2F-A204-959CA625DF37}.Debug|x64.Build.0 = Debug|Any CPU
		{BABE7580-6637-4D2F-A204-959CA625DF37}.Debug|x86.ActiveCfg = Debug|Any CPU
		{BABE7580-6637-4D2F-A204-959CA625DF37}.Debug|x86.Build.0 = Debug|Any CPU
		{BABE7580-6637-4D2F-A204-959CA625DF37}.Release|Any CPU.ActiveCfg = Release|Any CPU
		{BABE7580-6637-4D2F-A204-959CA625DF37}.Release|Any CPU.Build.0 = Release|Any CPU
		{BABE7580-6637-4D2F-A204-959CA625DF37}.Release|x64.ActiveCfg = Release|Any CPU
		{BABE7580-6637-4D2F-A204-959CA625DF37}.Release|x64.Build.0 = Release|Any CPU
		{BABE7580-6637-4D2F-A204-959CA625DF37}.Release|x86.ActiveCfg = Release|Any CPU
		{BABE7580-6637-4D2F-A204-959CA625DF37}.Release|x86.Build.0 = Release|Any CPU
		{88921748-E3EC-478D-8748-97A2C2511BB8}.Debug|Any CPU.ActiveCfg = Debug|Any CPU
		{88921748-E3EC-478D-8748-97A2C2511BB8}.Debug|Any CPU.Build.0 = Debug|Any CPU
		{88921748-E3EC-478D-8748-97A2C2511BB8}.Debug|x64.ActiveCfg = Debug|Any CPU
		{88921748-E3EC-478D-8748-97A2C2511BB8}.Debug|x64.Build.0 = Debug|Any CPU
		{88921748-E3EC-478D-8748-97A2C2511BB8}.Debug|x86.ActiveCfg = Debug|Any CPU
		{88921748-E3EC-478D-8748-97A2C2511BB8}.Debug|x86.Build.0 = Debug|Any CPU
		{88921748-E3EC-478D-8748-97A2C2511BB8}.Release|Any CPU.ActiveCfg = Release|Any CPU
		{88921748-E3EC-478D-8748-97A2C2511BB8}.Release|Any CPU.Build.0 = Release|Any CPU
		{88921748-E3EC-478D-8748-97A2C2511BB8}.Release|x64.ActiveCfg = Release|Any CPU
		{88921748-E3EC-478D-8748-97A2C2511BB8}.Release|x64.Build.0 = Release|Any CPU
		{88921748-E3EC-478D-8748-97A2C2511BB8}.Release|x86.ActiveCfg = Release|Any CPU
		{88921748-E3EC-478D-8748-97A2C2511BB8}.Release|x86.Build.0 = Release|Any CPU
		{2E8F74D6-85BC-4F2D-86BF-9E40EA0B86F5}.Debug|Any CPU.ActiveCfg = Debug|Any CPU
		{2E8F74D6-85BC-4F2D-86BF-9E40EA0B86F5}.Debug|Any CPU.Build.0 = Debug|Any CPU
		{2E8F74D6-85BC-4F2D-86BF-9E40EA0B86F5}.Debug|x64.ActiveCfg = Debug|Any CPU
		{2E8F74D6-85BC-4F2D-86BF-9E40EA0B86F5}.Debug|x64.Build.0 = Debug|Any CPU
		{2E8F74D6-85BC-4F2D-86BF-9E40EA0B86F5}.Debug|x86.ActiveCfg = Debug|Any CPU
		{2E8F74D6-85BC-4F2D-86BF-9E40EA0B86F5}.Debug|x86.Build.0 = Debug|Any CPU
		{2E8F74D6-85BC-4F2D-86BF-9E40EA0B86F5}.Release|Any CPU.ActiveCfg = Release|Any CPU
		{2E8F74D6-85BC-4F2D-86BF-9E40EA0B86F5}.Release|Any CPU.Build.0 = Release|Any CPU
		{2E8F74D6-85BC-4F2D-86BF-9E40EA0B86F5}.Release|x64.ActiveCfg = Release|Any CPU
		{2E8F74D6-85BC-4F2D-86BF-9E40EA0B86F5}.Release|x64.Build.0 = Release|Any CPU
		{2E8F74D6-85BC-4F2D-86BF-9E40EA0B86F5}.Release|x86.ActiveCfg = Release|Any CPU
		{2E8F74D6-85BC-4F2D-86BF-9E40EA0B86F5}.Release|x86.Build.0 = Release|Any CPU
		{EB4E24A3-5636-491F-86C2-8A0C32BE7655}.Debug|Any CPU.ActiveCfg = Debug|Any CPU
		{EB4E24A3-5636-491F-86C2-8A0C32BE7655}.Debug|Any CPU.Build.0 = Debug|Any CPU
		{EB4E24A3-5636-491F-86C2-8A0C32BE7655}.Debug|x64.ActiveCfg = Debug|Any CPU
		{EB4E24A3-5636-491F-86C2-8A0C32BE7655}.Debug|x64.Build.0 = Debug|Any CPU
		{EB4E24A3-5636-491F-86C2-8A0C32BE7655}.Debug|x86.ActiveCfg = Debug|Any CPU
		{EB4E24A3-5636-491F-86C2-8A0C32BE7655}.Debug|x86.Build.0 = Debug|Any CPU
		{EB4E24A3-5636-491F-86C2-8A0C32BE7655}.Release|Any CPU.ActiveCfg = Release|Any CPU
		{EB4E24A3-5636-491F-86C2-8A0C32BE7655}.Release|Any CPU.Build.0 = Release|Any CPU
		{EB4E24A3-5636-491F-86C2-8A0C32BE7655}.Release|x64.ActiveCfg = Release|Any CPU
		{EB4E24A3-5636-491F-86C2-8A0C32BE7655}.Release|x64.Build.0 = Release|Any CPU
		{EB4E24A3-5636-491F-86C2-8A0C32BE7655}.Release|x86.ActiveCfg = Release|Any CPU
		{EB4E24A3-5636-491F-86C2-8A0C32BE7655}.Release|x86.Build.0 = Release|Any CPU
		{565095DD-2B5C-4522-B73D-11021CA570BF}.Debug|Any CPU.ActiveCfg = Debug|Any CPU
		{565095DD-2B5C-4522-B73D-11021CA570BF}.Debug|Any CPU.Build.0 = Debug|Any CPU
		{565095DD-2B5C-4522-B73D-11021CA570BF}.Debug|x64.ActiveCfg = Debug|Any CPU
		{565095DD-2B5C-4522-B73D-11021CA570BF}.Debug|x64.Build.0 = Debug|Any CPU
		{565095DD-2B5C-4522-B73D-11021CA570BF}.Debug|x86.ActiveCfg = Debug|Any CPU
		{565095DD-2B5C-4522-B73D-11021CA570BF}.Debug|x86.Build.0 = Debug|Any CPU
		{565095DD-2B5C-4522-B73D-11021CA570BF}.Release|Any CPU.ActiveCfg = Release|Any CPU
		{565095DD-2B5C-4522-B73D-11021CA570BF}.Release|Any CPU.Build.0 = Release|Any CPU
		{565095DD-2B5C-4522-B73D-11021CA570BF}.Release|x64.ActiveCfg = Release|Any CPU
		{565095DD-2B5C-4522-B73D-11021CA570BF}.Release|x64.Build.0 = Release|Any CPU
		{565095DD-2B5C-4522-B73D-11021CA570BF}.Release|x86.ActiveCfg = Release|Any CPU
		{565095DD-2B5C-4522-B73D-11021CA570BF}.Release|x86.Build.0 = Release|Any CPU
		{C193E06F-22A2-4CA2-87E1-A5209492C807}.Debug|Any CPU.ActiveCfg = Debug|Any CPU
		{C193E06F-22A2-4CA2-87E1-A5209492C807}.Debug|Any CPU.Build.0 = Debug|Any CPU
		{C193E06F-22A2-4CA2-87E1-A5209492C807}.Debug|x64.ActiveCfg = Debug|Any CPU
		{C193E06F-22A2-4CA2-87E1-A5209492C807}.Debug|x64.Build.0 = Debug|Any CPU
		{C193E06F-22A2-4CA2-87E1-A5209492C807}.Debug|x86.ActiveCfg = Debug|Any CPU
		{C193E06F-22A2-4CA2-87E1-A5209492C807}.Debug|x86.Build.0 = Debug|Any CPU
		{C193E06F-22A2-4CA2-87E1-A5209492C807}.Release|Any CPU.ActiveCfg = Release|Any CPU
		{C193E06F-22A2-4CA2-87E1-A5209492C807}.Release|Any CPU.Build.0 = Release|Any CPU
		{C193E06F-22A2-4CA2-87E1-A5209492C807}.Release|x64.ActiveCfg = Release|Any CPU
		{C193E06F-22A2-4CA2-87E1-A5209492C807}.Release|x64.Build.0 = Release|Any CPU
		{C193E06F-22A2-4CA2-87E1-A5209492C807}.Release|x86.ActiveCfg = Release|Any CPU
		{C193E06F-22A2-4CA2-87E1-A5209492C807}.Release|x86.Build.0 = Release|Any CPU
		{247F2224-33D9-4144-B92F-38D07AC9AD4D}.Debug|Any CPU.ActiveCfg = Debug|Any CPU
		{247F2224-33D9-4144-B92F-38D07AC9AD4D}.Debug|Any CPU.Build.0 = Debug|Any CPU
		{247F2224-33D9-4144-B92F-38D07AC9AD4D}.Debug|x64.ActiveCfg = Debug|Any CPU
		{247F2224-33D9-4144-B92F-38D07AC9AD4D}.Debug|x64.Build.0 = Debug|Any CPU
		{247F2224-33D9-4144-B92F-38D07AC9AD4D}.Debug|x86.ActiveCfg = Debug|Any CPU
		{247F2224-33D9-4144-B92F-38D07AC9AD4D}.Debug|x86.Build.0 = Debug|Any CPU
		{247F2224-33D9-4144-B92F-38D07AC9AD4D}.Release|Any CPU.ActiveCfg = Release|Any CPU
		{247F2224-33D9-4144-B92F-38D07AC9AD4D}.Release|Any CPU.Build.0 = Release|Any CPU
		{247F2224-33D9-4144-B92F-38D07AC9AD4D}.Release|x64.ActiveCfg = Release|Any CPU
		{247F2224-33D9-4144-B92F-38D07AC9AD4D}.Release|x64.Build.0 = Release|Any CPU
		{247F2224-33D9-4144-B92F-38D07AC9AD4D}.Release|x86.ActiveCfg = Release|Any CPU
		{247F2224-33D9-4144-B92F-38D07AC9AD4D}.Release|x86.Build.0 = Release|Any CPU
		{5EBB5D10-FFF2-4F7B-8457-CC94901638E5}.Debug|Any CPU.ActiveCfg = Debug|Any CPU
		{5EBB5D10-FFF2-4F7B-8457-CC94901638E5}.Debug|Any CPU.Build.0 = Debug|Any CPU
		{5EBB5D10-FFF2-4F7B-8457-CC94901638E5}.Debug|x64.ActiveCfg = Debug|Any CPU
		{5EBB5D10-FFF2-4F7B-8457-CC94901638E5}.Debug|x64.Build.0 = Debug|Any CPU
		{5EBB5D10-FFF2-4F7B-8457-CC94901638E5}.Debug|x86.ActiveCfg = Debug|Any CPU
		{5EBB5D10-FFF2-4F7B-8457-CC94901638E5}.Debug|x86.Build.0 = Debug|Any CPU
		{5EBB5D10-FFF2-4F7B-8457-CC94901638E5}.Release|Any CPU.ActiveCfg = Release|Any CPU
		{5EBB5D10-FFF2-4F7B-8457-CC94901638E5}.Release|Any CPU.Build.0 = Release|Any CPU
		{5EBB5D10-FFF2-4F7B-8457-CC94901638E5}.Release|x64.ActiveCfg = Release|Any CPU
		{5EBB5D10-FFF2-4F7B-8457-CC94901638E5}.Release|x64.Build.0 = Release|Any CPU
		{5EBB5D10-FFF2-4F7B-8457-CC94901638E5}.Release|x86.ActiveCfg = Release|Any CPU
		{5EBB5D10-FFF2-4F7B-8457-CC94901638E5}.Release|x86.Build.0 = Release|Any CPU
		{3435CED1-87FC-41A1-9E59-345D3110E179}.Debug|Any CPU.ActiveCfg = Debug|Any CPU
		{3435CED1-87FC-41A1-9E59-345D3110E179}.Debug|Any CPU.Build.0 = Debug|Any CPU
		{3435CED1-87FC-41A1-9E59-345D3110E179}.Debug|x64.ActiveCfg = Debug|Any CPU
		{3435CED1-87FC-41A1-9E59-345D3110E179}.Debug|x64.Build.0 = Debug|Any CPU
		{3435CED1-87FC-41A1-9E59-345D3110E179}.Debug|x86.ActiveCfg = Debug|Any CPU
		{3435CED1-87FC-41A1-9E59-345D3110E179}.Debug|x86.Build.0 = Debug|Any CPU
		{3435CED1-87FC-41A1-9E59-345D3110E179}.Release|Any CPU.ActiveCfg = Release|Any CPU
		{3435CED1-87FC-41A1-9E59-345D3110E179}.Release|Any CPU.Build.0 = Release|Any CPU
		{3435CED1-87FC-41A1-9E59-345D3110E179}.Release|x64.ActiveCfg = Release|Any CPU
		{3435CED1-87FC-41A1-9E59-345D3110E179}.Release|x64.Build.0 = Release|Any CPU
		{3435CED1-87FC-41A1-9E59-345D3110E179}.Release|x86.ActiveCfg = Release|Any CPU
		{3435CED1-87FC-41A1-9E59-345D3110E179}.Release|x86.Build.0 = Release|Any CPU
		{A87F60FD-AE45-48D7-805D-7C249F6DBE07}.Debug|Any CPU.ActiveCfg = Debug|Any CPU
		{A87F60FD-AE45-48D7-805D-7C249F6DBE07}.Debug|Any CPU.Build.0 = Debug|Any CPU
		{A87F60FD-AE45-48D7-805D-7C249F6DBE07}.Debug|x64.ActiveCfg = Debug|Any CPU
		{A87F60FD-AE45-48D7-805D-7C249F6DBE07}.Debug|x64.Build.0 = Debug|Any CPU
		{A87F60FD-AE45-48D7-805D-7C249F6DBE07}.Debug|x86.ActiveCfg = Debug|Any CPU
		{A87F60FD-AE45-48D7-805D-7C249F6DBE07}.Debug|x86.Build.0 = Debug|Any CPU
		{A87F60FD-AE45-48D7-805D-7C249F6DBE07}.Release|Any CPU.ActiveCfg = Release|Any CPU
		{A87F60FD-AE45-48D7-805D-7C249F6DBE07}.Release|Any CPU.Build.0 = Release|Any CPU
		{A87F60FD-AE45-48D7-805D-7C249F6DBE07}.Release|x64.ActiveCfg = Release|Any CPU
		{A87F60FD-AE45-48D7-805D-7C249F6DBE07}.Release|x64.Build.0 = Release|Any CPU
		{A87F60FD-AE45-48D7-805D-7C249F6DBE07}.Release|x86.ActiveCfg = Release|Any CPU
		{A87F60FD-AE45-48D7-805D-7C249F6DBE07}.Release|x86.Build.0 = Release|Any CPU
		{43F8D249-CC9E-49B6-8DC9-413C7C524B2F}.Debug|Any CPU.ActiveCfg = Debug|Any CPU
		{43F8D249-CC9E-49B6-8DC9-413C7C524B2F}.Debug|Any CPU.Build.0 = Debug|Any CPU
		{43F8D249-CC9E-49B6-8DC9-413C7C524B2F}.Debug|x64.ActiveCfg = Debug|Any CPU
		{43F8D249-CC9E-49B6-8DC9-413C7C524B2F}.Debug|x64.Build.0 = Debug|Any CPU
		{43F8D249-CC9E-49B6-8DC9-413C7C524B2F}.Debug|x86.ActiveCfg = Debug|Any CPU
		{43F8D249-CC9E-49B6-8DC9-413C7C524B2F}.Debug|x86.Build.0 = Debug|Any CPU
		{43F8D249-CC9E-49B6-8DC9-413C7C524B2F}.Release|Any CPU.ActiveCfg = Release|Any CPU
		{43F8D249-CC9E-49B6-8DC9-413C7C524B2F}.Release|Any CPU.Build.0 = Release|Any CPU
		{43F8D249-CC9E-49B6-8DC9-413C7C524B2F}.Release|x64.ActiveCfg = Release|Any CPU
		{43F8D249-CC9E-49B6-8DC9-413C7C524B2F}.Release|x64.Build.0 = Release|Any CPU
		{43F8D249-CC9E-49B6-8DC9-413C7C524B2F}.Release|x86.ActiveCfg = Release|Any CPU
		{43F8D249-CC9E-49B6-8DC9-413C7C524B2F}.Release|x86.Build.0 = Release|Any CPU
	EndGlobalSection
	GlobalSection(SolutionProperties) = preSolution
		HideSolutionNode = FALSE
	EndGlobalSection
	GlobalSection(NestedProjects) = preSolution
		{5B9DF299-21FA-2738-ED62-33A10BDF4B1C} = {827E0CD3-B72D-47B6-A68D-7590B98EB39B}
		{EB4E24A3-5636-491F-86C2-8A0C32BE7655} = {5B9DF299-21FA-2738-ED62-33A10BDF4B1C}
		{FDB0B517-BC87-2108-2B5C-F80179B27705} = {827E0CD3-B72D-47B6-A68D-7590B98EB39B}
		{565095DD-2B5C-4522-B73D-11021CA570BF} = {5B9DF299-21FA-2738-ED62-33A10BDF4B1C}
		{C193E06F-22A2-4CA2-87E1-A5209492C807} = {FDB0B517-BC87-2108-2B5C-F80179B27705}
		{900B8B0D-C29A-7A19-CABC-6869EADAC993} = {827E0CD3-B72D-47B6-A68D-7590B98EB39B}
		{247F2224-33D9-4144-B92F-38D07AC9AD4D} = {900B8B0D-C29A-7A19-CABC-6869EADAC993}
		{5EBB5D10-FFF2-4F7B-8457-CC94901638E5} = {900B8B0D-C29A-7A19-CABC-6869EADAC993}
		{3435CED1-87FC-41A1-9E59-345D3110E179} = {900B8B0D-C29A-7A19-CABC-6869EADAC993}
		{BC6B28B6-C808-26B5-7CC7-F6DE9BFF4B6F} = {827E0CD3-B72D-47B6-A68D-7590B98EB39B}
		{A87F60FD-AE45-48D7-805D-7C249F6DBE07} = {BC6B28B6-C808-26B5-7CC7-F6DE9BFF4B6F}
		{43F8D249-CC9E-49B6-8DC9-413C7C524B2F} = {827E0CD3-B72D-47B6-A68D-7590B98EB39B}
		{6D9AE206-B963-76DA-A175-95CBCF62B5C0} = {827E0CD3-B72D-47B6-A68D-7590B98EB39B}
	EndGlobalSection
EndGlobal
